
Microsoft Visual Studio Solution File, Format Version 12.00
# Visual Studio Version 17
VisualStudioVersion = 17.1.32407.343
MinimumVisualStudioVersion = 10.0.40219.1
Project("{FAE04EC0-301F-11D3-BF4B-00C04F79EFBC}") = "Ultimate Predictor", "Ultimate Predictor\Ultimate Predictor.csproj", "{5E994356-FD06-4D9B-A295-A76E3A778796}"
EndProject
Global
	GlobalSection(SolutionConfigurationPlatforms) = preSolution
		Debug|Any CPU = Debug|Any CPU
		Release|Any CPU = Release|Any CPU
	EndGlobalSection
	GlobalSection(ProjectConfigurationPlatforms) = postSolution
		{5E994356-FD06-4D9B-A295-A76E3A778796}.Debug|Any CPU.ActiveCfg = Debug|Any CPU
		{5E994356-FD06-4D9B-A295-A76E3A778796}.Debug|Any CPU.Build.0 = Debug|Any CPU
		{5E994356-FD06-4D9B-A295-A76E3A778796}.Release|Any CPU.ActiveCfg = Release|Any CPU
		{5E994356-FD06-4D9B-A295-A76E3A778796}.Release|Any CPU.Build.0 = Release|Any CPU
	EndGlobalSection
	GlobalSection(SolutionProperties) = preSolution
		HideSolutionNode = FALSE
	EndGlobalSection
	GlobalSection(ExtensibilityGlobals) = postSolution
		SolutionGuid = {2DDB463A-1120-4766-8B18-D023AFB92A28}
	EndGlobalSection
EndGlobal
